{
    "_meta": {
        "hash": {
            "sha256": "bc052b663ece12e54e9fc3ca14e73a69487f8c5f5938ff568658965338a42ffc"
        },
        "pipfile-spec": 6,
        "requires": {
            "python_version": "3.7"
        },
        "sources": [
            {
                "name": "pypi",
                "url": "https://pypi.org/simple",
                "verify_ssl": true
            }
        ]
    },
    "default": {
        "click": {
            "hashes": [
                "sha256:2335065e6395b9e67ca716de5f7526736bfa6ceead690adf616d925bdc622b13",
                "sha256:5b94b49521f6456670fdb30cd82a4eca9412788a93fa6dd6df72c94d5a8ff2d7"
            ],
            "index": "pypi",
            "version": "==7.0"
        },
        "frida": {
            "hashes": [
                "sha256:d626152013570dbf2d3ae5d3c65afa00dc8194302369f1e397009082853d3a8b"
            ],
            "index": "pypi",
            "version": "==12.3.1"
        },
        "tabulate": {
            "hashes": [
                "sha256:8af07a39377cee1103a5c8b3330a421c2d99b9141e9cc5ddd2e3263fea416943"
            ],
            "index": "pypi",
            "version": "==0.8.3"
        }
    },
    "develop": {}
}
